
Microsoft Visual Studio Solution File, Format Version 12.00
# Visual Studio 15
VisualStudioVersion = 15.0.28307.329
MinimumVisualStudioVersion = 10.0.40219.1
Project("{FAE04EC0-301F-11D3-BF4B-00C04F79EFBC}") = "CatelBug", "CatelBug\CatelBug.csproj", "{4E59D03A-652E-4826-9FA4-0B6980199B84}"
EndProject
Global
	GlobalSection(SolutionConfigurationPlatforms) = preSolution
		Debug|Any CPU = Debug|Any CPU
		Release|Any CPU = Release|Any CPU
	EndGlobalSection
	GlobalSection(ProjectConfigurationPlatforms) = postSolution
		{4E59D03A-652E-4826-9FA4-0B6980199B84}.Debug|Any CPU.ActiveCfg = Debug|Any CPU
		{4E59D03A-652E-4826-9FA4-0B6980199B84}.Debug|Any CPU.Build.0 = Debug|Any CPU
		{4E59D03A-652E-4826-9FA4-0B6980199B84}.Release|Any CPU.ActiveCfg = Release|Any CPU
		{4E59D03A-652E-4826-9FA4-0B6980199B84}.Release|Any CPU.Build.0 = Release|Any CPU
	EndGlobalSection
	GlobalSection(SolutionProperties) = preSolution
		HideSolutionNode = FALSE
	EndGlobalSection
	GlobalSection(ExtensibilityGlobals) = postSolution
		SolutionGuid = {74049687-CDC7-412F-BF49-E6CBAEDEE4B7}
	EndGlobalSection
EndGlobal
